
Microsoft Visual Studio Solution File, Format Version 12.00
# Visual Studio Version 17
VisualStudioVersion = 17.12.35527.113 d17.12
MinimumVisualStudioVersion = 10.0.40219.1
Project("{FAE04EC0-301F-11D3-BF4B-00C04F79EFBC}") = "DsiPortal.Core", "DsiPortal.Core\DsiPortal.Core.csproj", "{BC27ADF8-E771-4B89-A566-6F81AD12A1EF}"
EndProject
Project("{FAE04EC0-301F-11D3-BF4B-00C04F79EFBC}") = "DsiPortal.Data", "DsiPortal.Data\DsiPortal.Data.csproj", "{2F75533B-A7CE-48FE-A33D-5349246ED4D6}"
EndProject
Project("{FAE04EC0-301F-11D3-BF4B-00C04F79EFBC}") = "DsiPortal.Service", "DsiPortal.Service\DsiPortal.Service.csproj", "{E121387D-4666-4A2D-8D7C-794DB5EDADAF}"
EndProject
Project("{FAE04EC0-301F-11D3-BF4B-00C04F79EFBC}") = "DsiPortal.WebUI", "DsiPortal.WebUI\DsiPortal.WebUI.csproj", "{ADD3199C-2A9D-4447-A16C-673AEFAC31C1}"
EndProject
Global
	GlobalSection(SolutionConfigurationPlatforms) = preSolution
		Debug|Any CPU = Debug|Any CPU
		Release|Any CPU = Release|Any CPU
	EndGlobalSection
	GlobalSection(ProjectConfigurationPlatforms) = postSolution
		{BC27ADF8-E771-4B89-A566-6F81AD12A1EF}.Debug|Any CPU.ActiveCfg = Debug|Any CPU
		{BC27ADF8-E771-4B89-A566-6F81AD12A1EF}.Debug|Any CPU.Build.0 = Debug|Any CPU
		{BC27ADF8-E771-4B89-A566-6F81AD12A1EF}.Release|Any CPU.ActiveCfg = Release|Any CPU
		{BC27ADF8-E771-4B89-A566-6F81AD12A1EF}.Release|Any CPU.Build.0 = Release|Any CPU
		{2F75533B-A7CE-48FE-A33D-5349246ED4D6}.Debug|Any CPU.ActiveCfg = Debug|Any CPU
		{2F75533B-A7CE-48FE-A33D-5349246ED4D6}.Debug|Any CPU.Build.0 = Debug|Any CPU
		{2F75533B-A7CE-48FE-A33D-5349246ED4D6}.Release|Any CPU.ActiveCfg = Release|Any CPU
		{2F75533B-A7CE-48FE-A33D-5349246ED4D6}.Release|Any CPU.Build.0 = Release|Any CPU
		{E121387D-4666-4A2D-8D7C-794DB5EDADAF}.Debug|Any CPU.ActiveCfg = Debug|Any CPU
		{E121387D-4666-4A2D-8D7C-794DB5EDADAF}.Debug|Any CPU.Build.0 = Debug|Any CPU
		{E121387D-4666-4A2D-8D7C-794DB5EDADAF}.Release|Any CPU.ActiveCfg = Release|Any CPU
		{E121387D-4666-4A2D-8D7C-794DB5EDADAF}.Release|Any CPU.Build.0 = Release|Any CPU
		{ADD3199C-2A9D-4447-A16C-673AEFAC31C1}.Debug|Any CPU.ActiveCfg = Debug|Any CPU
		{ADD3199C-2A9D-4447-A16C-673AEFAC31C1}.Debug|Any CPU.Build.0 = Debug|Any CPU
		{ADD3199C-2A9D-4447-A16C-673AEFAC31C1}.Release|Any CPU.ActiveCfg = Release|Any CPU
		{ADD3199C-2A9D-4447-A16C-673AEFAC31C1}.Release|Any CPU.Build.0 = Release|Any CPU
	EndGlobalSection
	GlobalSection(SolutionProperties) = preSolution
		HideSolutionNode = FALSE
	EndGlobalSection
EndGlobal
